{
  "version": 1,
  "dependencies": {
    "net10.0": {
      "Microsoft.Windows.SDK.BuildTools": {
        "type": "Direct",
        "requested": "[10.0.28000.2705, )",
        "resolved": "10.0.28000.2705",
        "contentHash": "TZQ96xtu7+fyFsyJCgj6Hazru0H8G1kiE1CeZLGpsqT4xKQmkxWu9yRuxYLeHJECjqEHN7duZUTcdbt8zlQ8OQ=="
      }
    }
  }
}